{
  "originHash" : "4d081616f383d9f7bc7437675310dff8f97ca43e29d525549be6f66239135604",
  "pins" : [
    {
      "identity" : "libnfcswift",
      "kind" : "remoteSourceControl",
      "location" : "https://github.com/Diggory/LibNFCSwift.git",
      "state" : {
        "branch" : "main",
        "revision" : "90642cf892d99ed993ade174e0eaec3eb3767cf9"
      }
    },
    {
      "identity" : "swift-argument-parser",
      "kind" : "remoteSourceControl",
      "location" : "https://github.com/apple/swift-argument-parser.git",
      "state" : {
        "revision" : "c5d11a805e765f52ba34ec7284bd4fcd6ba68615",
        "version" : "1.7.0"
      }
    }
  ],
  "version" : 3
}
